
Microsoft Visual Studio Solution File, Format Version 12.00
# Visual Studio Version 17
VisualStudioVersion = 17.0.31903.59
MinimumVisualStudioVersion = 10.0.40219.1
Project("{2150E333-8FDC-42A3-9474-1A3956D46DE8}") = "core", "core", "{FBF56CC3-7AE6-AD2D-3F14-7F97FD322CD6}"
EndProject
Project("{FAE04EC0-301F-11D3-BF4B-00C04F79EFBC}") = "WeCount.API", "core\WeCount.API\WeCount.API.csproj", "{FC206513-33DA-47BE-94ED-86A7DBCD577C}"
EndProject
Project("{FAE04EC0-301F-11D3-BF4B-00C04F79EFBC}") = "WeCount.Application", "core\WeCount.Application\WeCount.Application.csproj", "{3A0E23CA-C847-4E2C-AF1C-57D84CA67064}"
EndProject
Project("{FAE04EC0-301F-11D3-BF4B-00C04F79EFBC}") = "WeCount.Domain", "core\WeCount.Domain\WeCount.Domain.csproj", "{E2BCDC5C-AA4D-4F1B-8D71-8E428BDFAFD3}"
EndProject
Project("{FAE04EC0-301F-11D3-BF4B-00C04F79EFBC}") = "WeCount.Infrastructure", "core\WeCount.Infrastructure\WeCount.Infrastructure.csproj", "{ECFEB1DF-40BC-48BC-AF4C-DE31A123567C}"
EndProject
Project("{2150E333-8FDC-42A3-9474-1A3956D46DE8}") = "tests", "tests", "{0AB3BF05-4346-4AA6-1389-037BE0695223}"
EndProject
Project("{FAE04EC0-301F-11D3-BF4B-00C04F79EFBC}") = "WeCount.UnitTests", "tests\WeCount.UnitTests\WeCount.UnitTests.csproj", "{DE02C982-13E8-4718-A85E-B6355FEF83ED}"
EndProject
Project("{FAE04EC0-301F-11D3-BF4B-00C04F79EFBC}") = "WeCount.IntegrationTests", "tests\WeCount.IntegrationTests\WeCount.IntegrationTests.csproj", "{6A0A9F00-A649-4AA0-8BD6-906C4E2F2900}"
EndProject
Project("{FAE04EC0-301F-11D3-BF4B-00C04F79EFBC}") = "Wecount.Bootstrap", "core\Wecount.Bootstrap\Wecount.Bootstrap.csproj", "{39DAE0A1-5D79-4C15-81AF-0336730A11DE}"
EndProject
Global
	GlobalSection(SolutionConfigurationPlatforms) = preSolution
		Debug|Any CPU = Debug|Any CPU
		Debug|x64 = Debug|x64
		Debug|x86 = Debug|x86
		Release|Any CPU = Release|Any CPU
		Release|x64 = Release|x64
		Release|x86 = Release|x86
	EndGlobalSection
	GlobalSection(ProjectConfigurationPlatforms) = postSolution
		{FC206513-33DA-47BE-94ED-86A7DBCD577C}.Debug|Any CPU.ActiveCfg = Debug|Any CPU
		{FC206513-33DA-47BE-94ED-86A7DBCD577C}.Debug|Any CPU.Build.0 = Debug|Any CPU
		{FC206513-33DA-47BE-94ED-86A7DBCD577C}.Debug|x64.ActiveCfg = Debug|Any CPU
		{FC206513-33DA-47BE-94ED-86A7DBCD577C}.Debug|x64.Build.0 = Debug|Any CPU
		{FC206513-33DA-47BE-94ED-86A7DBCD577C}.Debug|x86.ActiveCfg = Debug|Any CPU
		{FC206513-33DA-47BE-94ED-86A7DBCD577C}.Debug|x86.Build.0 = Debug|Any CPU
		{FC206513-33DA-47BE-94ED-86A7DBCD577C}.Release|Any CPU.ActiveCfg = Release|Any CPU
		{FC206513-33DA-47BE-94ED-86A7DBCD577C}.Release|Any CPU.Build.0 = Release|Any CPU
		{FC206513-33DA-47BE-94ED-86A7DBCD577C}.Release|x64.ActiveCfg = Release|Any CPU
		{FC206513-33DA-47BE-94ED-86A7DBCD577C}.Release|x64.Build.0 = Release|Any CPU
		{FC206513-33DA-47BE-94ED-86A7DBCD577C}.Release|x86.ActiveCfg = Release|Any CPU
		{FC206513-33DA-47BE-94ED-86A7DBCD577C}.Release|x86.Build.0 = Release|Any CPU
		{3A0E23CA-C847-4E2C-AF1C-57D84CA67064}.Debug|Any CPU.ActiveCfg = Debug|Any CPU
		{3A0E23CA-C847-4E2C-AF1C-57D84CA67064}.Debug|Any CPU.Build.0 = Debug|Any CPU
		{3A0E23CA-C847-4E2C-AF1C-57D84CA67064}.Debug|x64.ActiveCfg = Debug|Any CPU
		{3A0E23CA-C847-4E2C-AF1C-57D84CA67064}.Debug|x64.Build.0 = Debug|Any CPU
		{3A0E23CA-C847-4E2C-AF1C-57D84CA67064}.Debug|x86.ActiveCfg = Debug|Any CPU
		{3A0E23CA-C847-4E2C-AF1C-57D84CA67064}.Debug|x86.Build.0 = Debug|Any CPU
		{3A0E23CA-C847-4E2C-AF1C-57D84CA67064}.Release|Any CPU.ActiveCfg = Release|Any CPU
		{3A0E23CA-C847-4E2C-AF1C-57D84CA67064}.Release|Any CPU.Build.0 = Release|Any CPU
		{3A0E23CA-C847-4E2C-AF1C-57D84CA67064}.Release|x64.ActiveCfg = Release|Any CPU
		{3A0E23CA-C847-4E2C-AF1C-57D84CA67064}.Release|x64.Build.0 = Release|Any CPU
		{3A0E23CA-C847-4E2C-AF1C-57D84CA67064}.Release|x86.ActiveCfg = Release|Any CPU
		{3A0E23CA-C847-4E2C-AF1C-57D84CA67064}.Release|x86.Build.0 = Release|Any CPU
		{E2BCDC5C-AA4D-4F1B-8D71-8E428BDFAFD3}.Debug|Any CPU.ActiveCfg = Debug|Any CPU
		{E2BCDC5C-AA4D-4F1B-8D71-8E428BDFAFD3}.Debug|Any CPU.Build.0 = Debug|Any CPU
		{E2BCDC5C-AA4D-4F1B-8D71-8E428BDFAFD3}.Debug|x64.ActiveCfg = Debug|Any CPU
		{E2BCDC5C-AA4D-4F1B-8D71-8E428BDFAFD3}.Debug|x64.Build.0 = Debug|Any CPU
		{E2BCDC5C-AA4D-4F1B-8D71-8E428BDFAFD3}.Debug|x86.ActiveCfg = Debug|Any CPU
		{E2BCDC5C-AA4D-4F1B-8D71-8E428BDFAFD3}.Debug|x86.Build.0 = Debug|Any CPU
		{E2BCDC5C-AA4D-4F1B-8D71-8E428BDFAFD3}.Release|Any CPU.ActiveCfg = Release|Any CPU
		{E2BCDC5C-AA4D-4F1B-8D71-8E428BDFAFD3}.Release|Any CPU.Build.0 = Release|Any CPU
		{E2BCDC5C-AA4D-4F1B-8D71-8E428BDFAFD3}.Release|x64.ActiveCfg = Release|Any CPU
		{E2BCDC5C-AA4D-4F1B-8D71-8E428BDFAFD3}.Release|x64.Build.0 = Release|Any CPU
		{E2BCDC5C-AA4D-4F1B-8D71-8E428BDFAFD3}.Release|x86.ActiveCfg = Release|Any CPU
		{E2BCDC5C-AA4D-4F1B-8D71-8E428BDFAFD3}.Release|x86.Build.0 = Release|Any CPU
		{ECFEB1DF-40BC-48BC-AF4C-DE31A123567C}.Debug|Any CPU.ActiveCfg = Debug|Any CPU
		{ECFEB1DF-40BC-48BC-AF4C-DE31A123567C}.Debug|Any CPU.Build.0 = Debug|Any CPU
		{ECFEB1DF-40BC-48BC-AF4C-DE31A123567C}.Debug|x64.ActiveCfg = Debug|Any CPU
		{ECFEB1DF-40BC-48BC-AF4C-DE31A123567C}.Debug|x64.Build.0 = Debug|Any CPU
		{ECFEB1DF-40BC-48BC-AF4C-DE31A123567C}.Debug|x86.ActiveCfg = Debug|Any CPU
		{ECFEB1DF-40BC-48BC-AF4C-DE31A123567C}.Debug|x86.Build.0 = Debug|Any CPU
		{ECFEB1DF-40BC-48BC-AF4C-DE31A123567C}.Release|Any CPU.ActiveCfg = Release|Any CPU
		{ECFEB1DF-40BC-48BC-AF4C-DE31A123567C}.Release|Any CPU.Build.0 = Release|Any CPU
		{ECFEB1DF-40BC-48BC-AF4C-DE31A123567C}.Release|x64.ActiveCfg = Release|Any CPU
		{ECFEB1DF-40BC-48BC-AF4C-DE31A123567C}.Release|x64.Build.0 = Release|Any CPU
		{ECFEB1DF-40BC-48BC-AF4C-DE31A123567C}.Release|x86.ActiveCfg = Release|Any CPU
		{ECFEB1DF-40BC-48BC-AF4C-DE31A123567C}.Release|x86.Build.0 = Release|Any CPU
		{DE02C982-13E8-4718-A85E-B6355FEF83ED}.Debug|Any CPU.ActiveCfg = Debug|Any CPU
		{DE02C982-13E8-4718-A85E-B6355FEF83ED}.Debug|Any CPU.Build.0 = Debug|Any CPU
		{DE02C982-13E8-4718-A85E-B6355FEF83ED}.Debug|x64.ActiveCfg = Debug|Any CPU
		{DE02C982-13E8-4718-A85E-B6355FEF83ED}.Debug|x64.Build.0 = Debug|Any CPU
		{DE02C982-13E8-4718-A85E-B6355FEF83ED}.Debug|x86.ActiveCfg = Debug|Any CPU
		{DE02C982-13E8-4718-A85E-B6355FEF83ED}.Debug|x86.Build.0 = Debug|Any CPU
		{DE02C982-13E8-4718-A85E-B6355FEF83ED}.Release|Any CPU.ActiveCfg = Release|Any CPU
		{DE02C982-13E8-4718-A85E-B6355FEF83ED}.Release|Any CPU.Build.0 = Release|Any CPU
		{DE02C982-13E8-4718-A85E-B6355FEF83ED}.Release|x64.ActiveCfg = Release|Any CPU
		{DE02C982-13E8-4718-A85E-B6355FEF83ED}.Release|x64.Build.0 = Release|Any CPU
		{DE02C982-13E8-4718-A85E-B6355FEF83ED}.Release|x86.ActiveCfg = Release|Any CPU
		{DE02C982-13E8-4718-A85E-B6355FEF83ED}.Release|x86.Build.0 = Release|Any CPU
		{6A0A9F00-A649-4AA0-8BD6-906C4E2F2900}.Debug|Any CPU.ActiveCfg = Debug|Any CPU
		{6A0A9F00-A649-4AA0-8BD6-906C4E2F2900}.Debug|Any CPU.Build.0 = Debug|Any CPU
		{6A0A9F00-A649-4AA0-8BD6-906C4E2F2900}.Debug|x64.ActiveCfg = Debug|Any CPU
		{6A0A9F00-A649-4AA0-8BD6-906C4E2F2900}.Debug|x64.Build.0 = Debug|Any CPU
		{6A0A9F00-A649-4AA0-8BD6-906C4E2F2900}.Debug|x86.ActiveCfg = Debug|Any CPU
		{6A0A9F00-A649-4AA0-8BD6-906C4E2F2900}.Debug|x86.Build.0 = Debug|Any CPU
		{6A0A9F00-A649-4AA0-8BD6-906C4E2F2900}.Release|Any CPU.ActiveCfg = Release|Any CPU
		{6A0A9F00-A649-4AA0-8BD6-906C4E2F2900}.Release|Any CPU.Build.0 = Release|Any CPU
		{6A0A9F00-A649-4AA0-8BD6-906C4E2F2900}.Release|x64.ActiveCfg = Release|Any CPU
		{6A0A9F00-A649-4AA0-8BD6-906C4E2F2900}.Release|x64.Build.0 = Release|Any CPU
		{6A0A9F00-A649-4AA0-8BD6-906C4E2F2900}.Release|x86.ActiveCfg = Release|Any CPU
		{6A0A9F00-A649-4AA0-8BD6-906C4E2F2900}.Release|x86.Build.0 = Release|Any CPU
		{39DAE0A1-5D79-4C15-81AF-0336730A11DE}.Debug|Any CPU.ActiveCfg = Debug|Any CPU
		{39DAE0A1-5D79-4C15-81AF-0336730A11DE}.Debug|Any CPU.Build.0 = Debug|Any CPU
		{39DAE0A1-5D79-4C15-81AF-0336730A11DE}.Debug|x64.ActiveCfg = Debug|Any CPU
		{39DAE0A1-5D79-4C15-81AF-0336730A11DE}.Debug|x64.Build.0 = Debug|Any CPU
		{39DAE0A1-5D79-4C15-81AF-0336730A11DE}.Debug|x86.ActiveCfg = Debug|Any CPU
		{39DAE0A1-5D79-4C15-81AF-0336730A11DE}.Debug|x86.Build.0 = Debug|Any CPU
		{39DAE0A1-5D79-4C15-81AF-0336730A11DE}.Release|Any CPU.ActiveCfg = Release|Any CPU
		{39DAE0A1-5D79-4C15-81AF-0336730A11DE}.Release|Any CPU.Build.0 = Release|Any CPU
		{39DAE0A1-5D79-4C15-81AF-0336730A11DE}.Release|x64.ActiveCfg = Release|Any CPU
		{39DAE0A1-5D79-4C15-81AF-0336730A11DE}.Release|x64.Build.0 = Release|Any CPU
		{39DAE0A1-5D79-4C15-81AF-0336730A11DE}.Release|x86.ActiveCfg = Release|Any CPU
		{39DAE0A1-5D79-4C15-81AF-0336730A11DE}.Release|x86.Build.0 = Release|Any CPU
	EndGlobalSection
	GlobalSection(SolutionProperties) = preSolution
		HideSolutionNode = FALSE
	EndGlobalSection
	GlobalSection(NestedProjects) = preSolution
		{FC206513-33DA-47BE-94ED-86A7DBCD577C} = {FBF56CC3-7AE6-AD2D-3F14-7F97FD322CD6}
		{3A0E23CA-C847-4E2C-AF1C-57D84CA67064} = {FBF56CC3-7AE6-AD2D-3F14-7F97FD322CD6}
		{E2BCDC5C-AA4D-4F1B-8D71-8E428BDFAFD3} = {FBF56CC3-7AE6-AD2D-3F14-7F97FD322CD6}
		{ECFEB1DF-40BC-48BC-AF4C-DE31A123567C} = {FBF56CC3-7AE6-AD2D-3F14-7F97FD322CD6}
		{DE02C982-13E8-4718-A85E-B6355FEF83ED} = {0AB3BF05-4346-4AA6-1389-037BE0695223}
		{6A0A9F00-A649-4AA0-8BD6-906C4E2F2900} = {0AB3BF05-4346-4AA6-1389-037BE0695223}
		{39DAE0A1-5D79-4C15-81AF-0336730A11DE} = {FBF56CC3-7AE6-AD2D-3F14-7F97FD322CD6}
	EndGlobalSection
EndGlobal
